
Microsoft Visual Studio Solution File, Format Version 12.00
# Visual Studio 15
VisualStudioVersion = 15.0.26206.0
MinimumVisualStudioVersion = 10.0.40219.1
Project("{FAE04EC0-301F-11D3-BF4B-00C04F79EFBC}") = "SmartConfig.Core.Tests", "SmartConfig.Tests\SmartConfig.Core.Tests.csproj", "{31CF8B56-2577-4FC9-B711-14CFAA524A2A}"
EndProject
Project("{FAE04EC0-301F-11D3-BF4B-00C04F79EFBC}") = "SmartConfig.Core", "SmartConfig.Core\SmartConfig.Core.csproj", "{B499D748-D867-4939-929B-BAE2BBAE6336}"
EndProject
Project("{FAE04EC0-301F-11D3-BF4B-00C04F79EFBC}") = "SmartConfig.Examples", "SmartConfig.Example\SmartConfig.Examples.csproj", "{E368B12F-34B0-4F8A-B1B9-EB6DC0CFBD41}"
EndProject
Project("{FAE04EC0-301F-11D3-BF4B-00C04F79EFBC}") = "SmartConfig.DataStores.AppConfig", "SmartConfig.DataStores.AppConfig\SmartConfig.DataStores.AppConfig.csproj", "{B48970D4-1DAF-4FC6-B8F0-0FE442436A3F}"
EndProject
Project("{FAE04EC0-301F-11D3-BF4B-00C04F79EFBC}") = "SmartConfig.DataStores.AppConfig.Tests", "SmartConfig.DataStores.AppConfig.Tests\SmartConfig.DataStores.AppConfig.Tests.csproj", "{1EDD8B77-B4FC-4B13-9296-C8242E9BA2AE}"
EndProject
Project("{FAE04EC0-301F-11D3-BF4B-00C04F79EFBC}") = "SmartConfig.DataStores.Registry", "SmartConfig.DataStores.Registry\SmartConfig.DataStores.Registry.csproj", "{2C032C08-24FD-4D48-860D-7D3E9C513EE1}"
EndProject
Project("{FAE04EC0-301F-11D3-BF4B-00C04F79EFBC}") = "SmartConfig.DataStores.Registry.Tests", "SmartConfig.DataStores.Registry.Tests\SmartConfig.DataStores.Registry.Tests.csproj", "{B61DE71F-9B4D-46C7-ADA7-C51357824F1A}"
EndProject
Project("{FAE04EC0-301F-11D3-BF4B-00C04F79EFBC}") = "SmartConfig.DataStores.SqlServer", "SmartConfig.DataStores.SqlServer\SmartConfig.DataStores.SqlServer.csproj", "{ADF3E7C7-84F3-476C-A914-C6D01C60BF75}"
EndProject
Project("{FAE04EC0-301F-11D3-BF4B-00C04F79EFBC}") = "SmartConfig.DataStores.SqlServer.Tests", "SmartConfig.DataStores.SqlServer.Tests\SmartConfig.DataStores.SqlServer.Tests.csproj", "{B35D539F-676A-4AEC-B6CA-F8E73856E849}"
EndProject
Project("{2150E333-8FDC-42A3-9474-1A3956D46DE8}") = "SmartConfig", "SmartConfig", "{3541D70F-BAEA-4875-82E3-3CCC936F6462}"
EndProject
Project("{2150E333-8FDC-42A3-9474-1A3956D46DE8}") = "SmartConfig.Tests", "SmartConfig.Tests", "{CE61ADC7-764A-4B0E-9866-713F87729B80}"
EndProject
Project("{FAE04EC0-301F-11D3-BF4B-00C04F79EFBC}") = "SmartConfig.DataStores.SQLite", "SmartConfig.DataStores.SQLite\SmartConfig.DataStores.SQLite.csproj", "{B3BE1B2C-188F-4CD1-A488-710E5807E3D5}"
EndProject
Project("{FAE04EC0-301F-11D3-BF4B-00C04F79EFBC}") = "SmartConfig.DataStores.SQLite.Tests", "SmartConfig.DataStores.SQLite.Tests\SmartConfig.DataStores.SQLite.Tests.csproj", "{9B3FE9D8-F12B-4398-8FF3-EEA20F639553}"
EndProject
Project("{FAE04EC0-301F-11D3-BF4B-00C04F79EFBC}") = "SmartConfig.DataStores.Tests.Common", "SmartConfig.DataStores.Tests.Common\SmartConfig.DataStores.Tests.Common.csproj", "{175D1571-18FC-4F18-8AD0-5945FA88E4FF}"
EndProject
Project("{2150E333-8FDC-42A3-9474-1A3956D46DE8}") = "Common", "Common", "{3EDF705C-0FBA-4772-AB22-3646FFCD7BBE}"
EndProject
Project("{FAE04EC0-301F-11D3-BF4B-00C04F79EFBC}") = "SmartConfig.DataStores.Tests.Data", "SmartConfig.DataStores.Tests.Data\SmartConfig.DataStores.Tests.Data.csproj", "{6ED090EB-6DC1-42E8-B765-9F0CDDC9556B}"
EndProject
Global
	GlobalSection(SolutionConfigurationPlatforms) = preSolution
		Debug|Any CPU = Debug|Any CPU
		Release|Any CPU = Release|Any CPU
	EndGlobalSection
	GlobalSection(ProjectConfigurationPlatforms) = postSolution
		{31CF8B56-2577-4FC9-B711-14CFAA524A2A}.Debug|Any CPU.ActiveCfg = Debug|Any CPU
		{31CF8B56-2577-4FC9-B711-14CFAA524A2A}.Debug|Any CPU.Build.0 = Debug|Any CPU
		{31CF8B56-2577-4FC9-B711-14CFAA524A2A}.Release|Any CPU.ActiveCfg = Release|Any CPU
		{B499D748-D867-4939-929B-BAE2BBAE6336}.Debug|Any CPU.ActiveCfg = Debug|Any CPU
		{B499D748-D867-4939-929B-BAE2BBAE6336}.Debug|Any CPU.Build.0 = Debug|Any CPU
		{B499D748-D867-4939-929B-BAE2BBAE6336}.Release|Any CPU.ActiveCfg = Release|Any CPU
		{B499D748-D867-4939-929B-BAE2BBAE6336}.Release|Any CPU.Build.0 = Release|Any CPU
		{E368B12F-34B0-4F8A-B1B9-EB6DC0CFBD41}.Debug|Any CPU.ActiveCfg = Debug|Any CPU
		{E368B12F-34B0-4F8A-B1B9-EB6DC0CFBD41}.Debug|Any CPU.Build.0 = Debug|Any CPU
		{E368B12F-34B0-4F8A-B1B9-EB6DC0CFBD41}.Release|Any CPU.ActiveCfg = Release|Any CPU
		{B48970D4-1DAF-4FC6-B8F0-0FE442436A3F}.Debug|Any CPU.ActiveCfg = Debug|Any CPU
		{B48970D4-1DAF-4FC6-B8F0-0FE442436A3F}.Debug|Any CPU.Build.0 = Debug|Any CPU
		{B48970D4-1DAF-4FC6-B8F0-0FE442436A3F}.Release|Any CPU.ActiveCfg = Release|Any CPU
		{B48970D4-1DAF-4FC6-B8F0-0FE442436A3F}.Release|Any CPU.Build.0 = Release|Any CPU
		{1EDD8B77-B4FC-4B13-9296-C8242E9BA2AE}.Debug|Any CPU.ActiveCfg = Debug|Any CPU
		{1EDD8B77-B4FC-4B13-9296-C8242E9BA2AE}.Debug|Any CPU.Build.0 = Debug|Any CPU
		{1EDD8B77-B4FC-4B13-9296-C8242E9BA2AE}.Release|Any CPU.ActiveCfg = Release|Any CPU
		{2C032C08-24FD-4D48-860D-7D3E9C513EE1}.Debug|Any CPU.ActiveCfg = Debug|Any CPU
		{2C032C08-24FD-4D48-860D-7D3E9C513EE1}.Debug|Any CPU.Build.0 = Debug|Any CPU
		{2C032C08-24FD-4D48-860D-7D3E9C513EE1}.Release|Any CPU.ActiveCfg = Release|Any CPU
		{2C032C08-24FD-4D48-860D-7D3E9C513EE1}.Release|Any CPU.Build.0 = Release|Any CPU
		{B61DE71F-9B4D-46C7-ADA7-C51357824F1A}.Debug|Any CPU.ActiveCfg = Debug|Any CPU
		{B61DE71F-9B4D-46C7-ADA7-C51357824F1A}.Debug|Any CPU.Build.0 = Debug|Any CPU
		{B61DE71F-9B4D-46C7-ADA7-C51357824F1A}.Release|Any CPU.ActiveCfg = Release|Any CPU
		{ADF3E7C7-84F3-476C-A914-C6D01C60BF75}.Debug|Any CPU.ActiveCfg = Debug|Any CPU
		{ADF3E7C7-84F3-476C-A914-C6D01C60BF75}.Debug|Any CPU.Build.0 = Debug|Any CPU
		{ADF3E7C7-84F3-476C-A914-C6D01C60BF75}.Release|Any CPU.ActiveCfg = Release|Any CPU
		{ADF3E7C7-84F3-476C-A914-C6D01C60BF75}.Release|Any CPU.Build.0 = Release|Any CPU
		{B35D539F-676A-4AEC-B6CA-F8E73856E849}.Debug|Any CPU.ActiveCfg = Debug|Any CPU
		{B35D539F-676A-4AEC-B6CA-F8E73856E849}.Debug|Any CPU.Build.0 = Debug|Any CPU
		{B35D539F-676A-4AEC-B6CA-F8E73856E849}.Release|Any CPU.ActiveCfg = Release|Any CPU
		{B3BE1B2C-188F-4CD1-A488-710E5807E3D5}.Debug|Any CPU.ActiveCfg = Debug|Any CPU
		{B3BE1B2C-188F-4CD1-A488-710E5807E3D5}.Debug|Any CPU.Build.0 = Debug|Any CPU
		{B3BE1B2C-188F-4CD1-A488-710E5807E3D5}.Release|Any CPU.ActiveCfg = Release|Any CPU
		{B3BE1B2C-188F-4CD1-A488-710E5807E3D5}.Release|Any CPU.Build.0 = Release|Any CPU
		{9B3FE9D8-F12B-4398-8FF3-EEA20F639553}.Debug|Any CPU.ActiveCfg = Debug|Any CPU
		{9B3FE9D8-F12B-4398-8FF3-EEA20F639553}.Debug|Any CPU.Build.0 = Debug|Any CPU
		{9B3FE9D8-F12B-4398-8FF3-EEA20F639553}.Release|Any CPU.ActiveCfg = Release|Any CPU
		{175D1571-18FC-4F18-8AD0-5945FA88E4FF}.Debug|Any CPU.ActiveCfg = Debug|Any CPU
		{175D1571-18FC-4F18-8AD0-5945FA88E4FF}.Debug|Any CPU.Build.0 = Debug|Any CPU
		{175D1571-18FC-4F18-8AD0-5945FA88E4FF}.Release|Any CPU.ActiveCfg = Release|Any CPU
		{175D1571-18FC-4F18-8AD0-5945FA88E4FF}.Release|Any CPU.Build.0 = Release|Any CPU
		{6ED090EB-6DC1-42E8-B765-9F0CDDC9556B}.Debug|Any CPU.ActiveCfg = Debug|Any CPU
		{6ED090EB-6DC1-42E8-B765-9F0CDDC9556B}.Debug|Any CPU.Build.0 = Debug|Any CPU
		{6ED090EB-6DC1-42E8-B765-9F0CDDC9556B}.Release|Any CPU.ActiveCfg = Release|Any CPU
		{6ED090EB-6DC1-42E8-B765-9F0CDDC9556B}.Release|Any CPU.Build.0 = Release|Any CPU
	EndGlobalSection
	GlobalSection(SolutionProperties) = preSolution
		HideSolutionNode = FALSE
	EndGlobalSection
	GlobalSection(NestedProjects) = preSolution
		{31CF8B56-2577-4FC9-B711-14CFAA524A2A} = {CE61ADC7-764A-4B0E-9866-713F87729B80}
		{B499D748-D867-4939-929B-BAE2BBAE6336} = {3541D70F-BAEA-4875-82E3-3CCC936F6462}
		{B48970D4-1DAF-4FC6-B8F0-0FE442436A3F} = {3541D70F-BAEA-4875-82E3-3CCC936F6462}
		{1EDD8B77-B4FC-4B13-9296-C8242E9BA2AE} = {CE61ADC7-764A-4B0E-9866-713F87729B80}
		{2C032C08-24FD-4D48-860D-7D3E9C513EE1} = {3541D70F-BAEA-4875-82E3-3CCC936F6462}
		{B61DE71F-9B4D-46C7-ADA7-C51357824F1A} = {CE61ADC7-764A-4B0E-9866-713F87729B80}
		{ADF3E7C7-84F3-476C-A914-C6D01C60BF75} = {3541D70F-BAEA-4875-82E3-3CCC936F6462}
		{B35D539F-676A-4AEC-B6CA-F8E73856E849} = {CE61ADC7-764A-4B0E-9866-713F87729B80}
		{B3BE1B2C-188F-4CD1-A488-710E5807E3D5} = {3541D70F-BAEA-4875-82E3-3CCC936F6462}
		{9B3FE9D8-F12B-4398-8FF3-EEA20F639553} = {CE61ADC7-764A-4B0E-9866-713F87729B80}
		{175D1571-18FC-4F18-8AD0-5945FA88E4FF} = {3EDF705C-0FBA-4772-AB22-3646FFCD7BBE}
		{3EDF705C-0FBA-4772-AB22-3646FFCD7BBE} = {CE61ADC7-764A-4B0E-9866-713F87729B80}
		{6ED090EB-6DC1-42E8-B765-9F0CDDC9556B} = {3EDF705C-0FBA-4772-AB22-3646FFCD7BBE}
	EndGlobalSection
EndGlobal
